
Microsoft Visual Studio Solution File, Format Version 12.00
# Visual Studio Version 17
VisualStudioVersion = 17.5.002.0
MinimumVisualStudioVersion = 10.0.40219.1
Project("{9A19103F-16F7-4668-BE54-9A1E7A4F7556}") = "leader-election", "leader-election.csproj", "{1F4C129A-2350-446A-98BC-484FF7B3C5A0}"
EndProject
Global
	GlobalSection(SolutionConfigurationPlatforms) = preSolution
		Debug|Any CPU = Debug|Any CPU
		Release|Any CPU = Release|Any CPU
	EndGlobalSection
	GlobalSection(ProjectConfigurationPlatforms) = postSolution
		{1F4C129A-2350-446A-98BC-484FF7B3C5A0}.Debug|Any CPU.ActiveCfg = Debug|Any CPU
		{1F4C129A-2350-446A-98BC-484FF7B3C5A0}.Debug|Any CPU.Build.0 = Debug|Any CPU
		{1F4C129A-2350-446A-98BC-484FF7B3C5A0}.Release|Any CPU.ActiveCfg = Release|Any CPU
		{1F4C129A-2350-446A-98BC-484FF7B3C5A0}.Release|Any CPU.Build.0 = Release|Any CPU
	EndGlobalSection
	GlobalSection(SolutionProperties) = preSolution
		HideSolutionNode = FALSE
	EndGlobalSection
	GlobalSection(ExtensibilityGlobals) = postSolution
		SolutionGuid = {38BA5EC1-BB01-4DE7-BC45-045D1E595892}
	EndGlobalSection
EndGlobal
